
Microsoft Visual Studio Solution File, Format Version 12.00
# Visual Studio Version 17
VisualStudioVersion = 17.5.002.0
MinimumVisualStudioVersion = 10.0.40219.1
Project("{9A19103F-16F7-4668-BE54-9A1E7A4F7556}") = "MyOwnBank", "MyOwnBank.csproj", "{73413A7D-297A-4BE9-8B32-C414AA3E4FA5}"
EndProject
Global
	GlobalSection(SolutionConfigurationPlatforms) = preSolution
		Debug|Any CPU = Debug|Any CPU
		Release|Any CPU = Release|Any CPU
	EndGlobalSection
	GlobalSection(ProjectConfigurationPlatforms) = postSolution
		{73413A7D-297A-4BE9-8B32-C414AA3E4FA5}.Debug|Any CPU.ActiveCfg = Debug|Any CPU
		{73413A7D-297A-4BE9-8B32-C414AA3E4FA5}.Debug|Any CPU.Build.0 = Debug|Any CPU
		{73413A7D-297A-4BE9-8B32-C414AA3E4FA5}.Release|Any CPU.ActiveCfg = Release|Any CPU
		{73413A7D-297A-4BE9-8B32-C414AA3E4FA5}.Release|Any CPU.Build.0 = Release|Any CPU
	EndGlobalSection
	GlobalSection(SolutionProperties) = preSolution
		HideSolutionNode = FALSE
	EndGlobalSection
	GlobalSection(ExtensibilityGlobals) = postSolution
		SolutionGuid = {ACE03D84-76C4-48FD-96BB-823B5855AAD5}
	EndGlobalSection
EndGlobal
